// !$*UTF8*$!
{
	archiveVersion = 1;
	classes = {
	};
	objectVersion = 48;
	objects = {

/* Begin PBXBuildFile section */
		A83403891FFCB16500A49C20 /* AppDelegate.m in Sources */ = {isa = PBXBuildFile; fileRef = A83403881FFCB16500A49C20 /* AppDelegate.m */; };
		A834038C1FFCB16500A49C20 /* ViewController.m in Sources */ = {isa = PBXBuildFile; fileRef = A834038B1FFCB16500A49C20 /* ViewController.m */; };
		A834038F1FFCB16500A49C20 /* Main.storyboard in Resources */ = {isa = PBXBuildFile; fileRef = A834038D1FFCB16500A49C20 /* Main.storyboard */; };
		A83403911FFCB16500A49C20 /* Assets.xcassets in Resources */ = {isa = PBXBuildFile; fileRef = A83403901FFCB16500A49C20 /* Assets.xcassets */; };
		A83403941FFCB16500A49C20 /* LaunchScreen.storyboard in Resources */ = {isa = PBXBuildFile; fileRef = A83403921FFCB16500A49C20 /* LaunchScreen.storyboard */; };
		A83403971FFCB16500A49C20 /* main.m in Sources */ = {isa = PBXBuildFile; fileRef = A83403961FFCB16500A49C20 /* main.m */; };
		A83403A11FFCB16500A49C20 /* FENestedScrollViewTests.m in Sources */ = {isa = PBXBuildFile; fileRef = A83403A01FFCB16500A49C20 /* FENestedScrollViewTests.m */; };
		A83403AC1FFCB16500A49C20 /* FENestedScrollViewUITests.m in Sources */ = {isa = PBXBuildFile; fileRef = A83403AB1FFCB16500A49C20 /* FENestedScrollViewUITests.m */; };
/* End PBXBuildFile section */

/* Begin PBXContainerItemProxy section */
		A834039D1FFCB16500A49C20 /* PBXContainerItemProxy */ = {
			isa = PBXContainerItemProxy;
			containerPortal = A834037C1FFCB16500A49C20 /* Project object */;
			proxyType = 1;
			remoteGlobalIDString = A83403831FFCB16500A49C20;
			remoteInfo = FENestedScrollView;
		};
		A83403A81FFCB16500A49C20 /* PBXContainerItemProxy */ = {
			isa = PBXContainerItemProxy;
			containerPortal = A834037C1FFCB16500A49C20 /* Project object */;
			proxyType = 1;
			remoteGlobalIDString = A83403831FFCB16500A49C20;
			remoteInfo = FENestedScrollView;
		};
/* End PBXContainerItemProxy section */

/* Begin PBXFileReference section */
		A83403841FFCB16500A49C20 /* FENestedScrollView.app */ = {isa = PBXFileReference; explicitFileType = wrapper.application; includeInIndex = 0; path = FENestedScrollView.app; sourceTree = BUILT_PRODUCTS_DIR; };
		A83403871FFCB16500A49C20 /* AppDelegate.h */ = {isa = PBXFileReference; lastKnownFileType = sourcecode.c.h; path = AppDelegate.h; sourceTree = "<group>"; };
		A83403881FFCB16500A49C20 /* AppDelegate.m */ = {isa = PBXFileReference; lastKnownFileType = sourcecode.c.objc; path = AppDelegate.m; sourceTree = "<group>"; };
		A834038A1FFCB16500A49C20 /* ViewController.h */ = {isa = PBXFileReference; lastKnownFileType = sourcecode.c.h; path = ViewController.h; sourceTree = "<group>"; };
		A834038B1FFCB16500A49C20 /* ViewController.m */ = {isa = PBXFileReference; lastKnownFileType = sourcecode.c.objc; path = ViewController.m; sourceTree = "<group>"; };
		A834038E1FFCB16500A49C20 /* Base */ = {isa = PBXFileReference; lastKnownFileType = file.storyboard; name = Base; path = Base.lproj/Main.storyboard; sourceTree = "<group>"; };
		A83403901FFCB16500A49C20 /* Assets.xcassets */ = {isa = PBXFileReference; lastKnownFileType = folder.assetcatalog; path = Assets.xcassets; sourceTree = "<group>"; };
		A83403931FFCB16500A49C20 /* Base */ = {isa = PBXFileReference; lastKnownFileType = file.storyboard; name = Base; path = Base.lproj/LaunchScreen.storyboard; sourceTree = "<group>"; };
		A83403951FFCB16500A49C20 /* Info.plist */ = {isa = PBXFileReference; lastKnownFileType = text.plist.xml; path = Info.plist; sourceTree = "<group>"; };
		A83403961FFCB16500A49C20 /* main.m */ = {isa = PBXFileReference; lastKnownFileType = sourcecode.c.objc; path = main.m; sourceTree = "<group>"; };
		A834039C1FFCB16500A49C20 /* FENestedScrollViewTests.xctest */ = {isa = PBXFileReference; explicitFileType = wrapper.cfbundle; includeInIndex = 0; path = FENestedScrollViewTests.xctest; sourceTree = BUILT_PRODUCTS_DIR; };
		A83403A01FFCB16500A49C20 /* FENestedScrollViewTests.m */ = {isa = PBXFileReference; lastKnownFileType = sourcecode.c.objc; path = FENestedScrollViewTests.m; sourceTree = "<group>"; };
		A83403A21FFCB16500A49C20 /* Info.plist */ = {isa = PBXFileReference; lastKnownFileType = text.plist.xml; path = Info.plist; sourceTree = "<group>"; };
		A83403A71FFCB16500A49C20 /* FENestedScrollViewUITests.xctest */ = {isa = PBXFileReference; explicitFileType = wrapper.cfbundle; includeInIndex = 0; path = FENestedScrollViewUITests.xctest; sourceTree = BUILT_PRODUCTS_DIR; };
		A83403AB1FFCB16500A49C20 /* FENestedScrollViewUITests.m */ = {isa = PBXFileReference; lastKnownFileType = sourcecode.c.objc; path = FENestedScrollViewUITests.m; sourceTree = "<group>"; };
		A83403AD1FFCB16500A49C20 /* Info.plist */ = {isa = PBXFileReference; lastKnownFileType = text.plist.xml; path = Info.plist; sourceTree = "<group>"; };
/* End PBXFileReference section */

/* Begin PBXFrameworksBuildPhase section */
		A83403811FFCB16500A49C20 /* Frameworks */ = {
			isa = PBXFrameworksBuildPhase;
			buildActionMask = 2147483647;
			files = (
			);
			runOnlyForDeploymentPostprocessing = 0;
		};
		A83403991FFCB16500A49C20 /* Frameworks */ = {
			isa = PBXFrameworksBuildPhase;
			buildActionMask = 2147483647;
			files = (
			);
			runOnlyForDeploymentPostprocessing = 0;
		};
		A83403A41FFCB16500A49C20 /* Frameworks */ = {
			isa = PBXFrameworksBuildPhase;
			buildActionMask = 2147483647;
			files = (
			);
			runOnlyForDeploymentPostprocessing = 0;
		};
/* End PBXFrameworksBuildPhase section */

/* Begin PBXGroup section */
		A834037B1FFCB16500A49C20 = {
			isa = PBXGroup;
			children = (
				A83403861FFCB16500A49C20 /* FENestedScrollView */,
				A834039F1FFCB16500A49C20 /* FENestedScrollViewTests */,
				A83403AA1FFCB16500A49C20 /* FENestedScrollViewUITests */,
				A83403851FFCB16500A49C20 /* Products */,
			);
			sourceTree = "<group>";
		};
		A83403851FFCB16500A49C20 /* Products */ = {
			isa = PBXGroup;
			children = (
				A83403841FFCB16500A49C20 /* FENestedScrollView.app */,
				A834039C1FFCB16500A49C20 /* FENestedScrollViewTests.xctest */,
				A83403A71FFCB16500A49C20 /* FENestedScrollViewUITests.xctest */,
			);
			name = Products;
			sourceTree = "<group>";
		};
		A83403861FFCB16500A49C20 /* FENestedScrollView */ = {
			isa = PBXGroup;
			children = (
				A83403871FFCB16500A49C20 /* AppDelegate.h */,
				A83403881FFCB16500A49C20 /* AppDelegate.m */,
				A834038A1FFCB16500A49C20 /* ViewController.h */,
				A834038B1FFCB16500A49C20 /* ViewController.m */,
				A834038D1FFCB16500A49C20 /* Main.storyboard */,
				A83403901FFCB16500A49C20 /* Assets.xcassets */,
				A83403921FFCB16500A49C20 /* LaunchScreen.storyboard */,
				A83403951FFCB16500A49C20 /* Info.plist */,
				A83403961FFCB16500A49C20 /* main.m */,
			);
			path = FENestedScrollView;
			sourceTree = "<group>";
		};
		A834039F1FFCB16500A49C20 /* FENestedScrollViewTests */ = {
			isa = PBXGroup;
			children = (
				A83403A01FFCB16500A49C20 /* FENestedScrollViewTests.m */,
				A83403A21FFCB16500A49C20 /* Info.plist */,
			);
			path = FENestedScrollViewTests;
			sourceTree = "<group>";
		};
		A83403AA1FFCB16500A49C20 /* FENestedScrollViewUITests */ = {
			isa = PBXGroup;
			children = (
				A83403AB1FFCB16500A49C20 /* FENestedScrollViewUITests.m */,
				A83403AD1FFCB16500A49C20 /* Info.plist */,
			);
			path = FENestedScrollViewUITests;
			sourceTree = "<group>";
		};
/* End PBXGroup section */

/* Begin PBXNativeTarget section */
		A83403831FFCB16500A49C20 /* FENestedScrollView */ = {
			isa = PBXNativeTarget;
			buildConfigurationList = A83403B01FFCB16500A49C20 /* Build configuration list for PBXNativeTarget "FENestedScrollView" */;
			buildPhases = (
				A83403801FFCB16500A49C20 /* Sources */,
				A83403811FFCB16500A49C20 /* Frameworks */,
				A83403821FFCB16500A49C20 /* Resources */,
			);
			buildRules = (
			);
			dependencies = (
			);
			name = FENestedScrollView;
			productName = FENestedScrollView;
			productReference = A83403841FFCB16500A49C20 /* FENestedScrollView.app */;
			productType = "com.apple.product-type.application";
		};
		A834039B1FFCB16500A49C20 /* FENestedScrollViewTests */ = {
			isa = PBXNativeTarget;
			buildConfigurationList = A83403B31FFCB16500A49C20 /* Build configuration list for PBXNativeTarget "FENestedScrollViewTests" */;
			buildPhases = (
				A83403981FFCB16500A49C20 /* Sources */,
				A83403991FFCB16500A49C20 /* Frameworks */,
				A834039A1FFCB16500A49C20 /* Resources */,
			);
			buildRules = (
			);
			dependencies = (
				A834039E1FFCB16500A49C20 /* PBXTargetDependency */,
			);
			name = FENestedScrollViewTests;
			productName = FENestedScrollViewTests;
			productReference = A834039C1FFCB16500A49C20 /* FENestedScrollViewTests.xctest */;
			productType = "com.apple.product-type.bundle.unit-test";
		};
		A83403A61FFCB16500A49C20 /* FENestedScrollViewUITests */ = {
			isa = PBXNativeTarget;
			buildConfigurationList = A83403B61FFCB16500A49C20 /* Build configuration list for PBXNativeTarget "FENestedScrollViewUITests" */;
			buildPhases = (
				A83403A31FFCB16500A49C20 /* Sources */,
				A83403A41FFCB16500A49C20 /* Frameworks */,
				A83403A51FFCB16500A49C20 /* Resources */,
			);
			buildRules = (
			);
			dependencies = (
				A83403A91FFCB16500A49C20 /* PBXTargetDependency */,
			);
			name = FENestedScrollViewUITests;
			productName = FENestedScrollViewUITests;
			productReference = A83403A71FFCB16500A49C20 /* FENestedScrollViewUITests.xctest */;
			productType = "com.apple.product-type.bundle.ui-testing";
		};
/* End PBXNativeTarget section */

/* Begin PBXProject section */
		A834037C1FFCB16500A49C20 /* Project object */ = {
			isa = PBXProject;
			attributes = {
				LastUpgradeCheck = 0900;
				ORGANIZATIONNAME = FlyElephant;
				TargetAttributes = {
					A83403831FFCB16500A49C20 = {
						CreatedOnToolsVersion = 9.0;
						ProvisioningStyle = Automatic;
					};
					A834039B1FFCB16500A49C20 = {
						CreatedOnToolsVersion = 9.0;
						ProvisioningStyle = Automatic;
						TestTargetID = A83403831FFCB16500A49C20;
					};
					A83403A61FFCB16500A49C20 = {
						CreatedOnToolsVersion = 9.0;
						ProvisioningStyle = Automatic;
						TestTargetID = A83403831FFCB16500A49C20;
					};
				};
			};
			buildConfigurationList = A834037F1FFCB16500A49C20 /* Build configuration list for PBXProject "FENestedScrollView" */;
			compatibilityVersion = "Xcode 8.0";
			developmentRegion = en;
			hasScannedForEncodings = 0;
			knownRegions = (
				en,
				Base,
			);
			mainGroup = A834037B1FFCB16500A49C20;
			productRefGroup = A83403851FFCB16500A49C20 /* Products */;
			projectDirPath = "";
			projectRoot = "";
			targets = (
				A83403831FFCB16500A49C20 /* FENestedScrollView */,
				A834039B1FFCB16500A49C20 /* FENestedScrollViewTests */,
				A83403A61FFCB16500A49C20 /* FENestedScrollViewUITests */,
			);
		};
/* End PBXProject section */

/* Begin PBXResourcesBuildPhase section */
		A83403821FFCB16500A49C20 /* Resources */ = {
			isa = PBXResourcesBuildPhase;
			buildActionMask = 2147483647;
			files = (
				A83403941FFCB16500A49C20 /* LaunchScreen.storyboard in Resources */,
				A83403911FFCB16500A49C20 /* Assets.xcassets in Resources */,
				A834038F1FFCB16500A49C20 /* Main.storyboard in Resources */,
			);
			runOnlyForDeploymentPostprocessing = 0;
		};
		A834039A1FFCB16500A49C20 /* Resources */ = {
			isa = PBXResourcesBuildPhase;
			buildActionMask = 2147483647;
			files = (
			);
			runOnlyForDeploymentPostprocessing = 0;
		};
		A83403A51FFCB16500A49C20 /* Resources */ = {
			isa = PBXResourcesBuildPhase;
			buildActionMask = 2147483647;
			files = (
			);
			runOnlyForDeploymentPostprocessing = 0;
		};
/* End PBXResourcesBuildPhase section */

/* Begin PBXSourcesBuildPhase section */
		A83403801FFCB16500A49C20 /* Sources */ = {
			isa = PBXSourcesBuildPhase;
			buildActionMask = 2147483647;
			files = (
				A834038C1FFCB16500A49C20 /* ViewController.m in Sources */,
				A83403971FFCB16500A49C20 /* main.m in Sources */,
				A83403891FFCB16500A49C20 /* AppDelegate.m in Sources */,
			);
			runOnlyForDeploymentPostprocessing = 0;
		};
		A83403981FFCB16500A49C20 /* Sources */ = {
			isa = PBXSourcesBuildPhase;
			buildActionMask = 2147483647;
			files = (
				A83403A11FFCB16500A49C20 /* FENestedScrollViewTests.m in Sources */,
			);
			runOnlyForDeploymentPostprocessing = 0;
		};
		A83403A31FFCB16500A49C20 /* Sources */ = {
			isa = PBXSourcesBuildPhase;
			buildActionMask = 2147483647;
			files = (
				A83403AC1FFCB16500A49C20 /* FENestedScrollViewUITests.m in Sources */,
			);
			runOnlyForDeploymentPostprocessing = 0;
		};
/* End PBXSourcesBuildPhase section */

/* Begin PBXTargetDependency section */
		A834039E1FFCB16500A49C20 /* PBXTargetDependency */ = {
			isa = PBXTargetDependency;
			target = A83403831FFCB16500A49C20 /* FENestedScrollView */;
			targetProxy = A834039D1FFCB16500A49C20 /* PBXContainerItemProxy */;
		};
		A83403A91FFCB16500A49C20 /* PBXTargetDependency */ = {
			isa = PBXTargetDependency;
			target = A83403831FFCB16500A49C20 /* FENestedScrollView */;
			targetProxy = A83403A81FFCB16500A49C20 /* PBXContainerItemProxy */;
		};
/* End PBXTargetDependency section */

/* Begin PBXVariantGroup section */
		A834038D1FFCB16500A49C20 /* Main.storyboard */ = {
			isa = PBXVariantGroup;
			children = (
				A834038E1FFCB16500A49C20 /* Base */,
			);
			name = Main.storyboard;
			sourceTree = "<group>";
		};
		A83403921FFCB16500A49C20 /* LaunchScreen.storyboard */ = {
			isa = PBXVariantGroup;
			children = (
				A83403931FFCB16500A49C20 /* Base */,
			);
			name = LaunchScreen.storyboard;
			sourceTree = "<group>";
		};
/* End PBXVariantGroup section */

/* Begin XCBuildConfiguration section */
		A83403AE1FFCB16500A49C20 /* Debug */ = {
			isa = XCBuildConfiguration;
			buildSettings = {
				ALWAYS_SEARCH_USER_PATHS = NO;
				CLANG_ANALYZER_NONNULL = YES;
				CLANG_ANALYZER_NUMBER_OBJECT_CONVERSION = YES_AGGRESSIVE;
				CLANG_CXX_LANGUAGE_STANDARD = "gnu++14";
				CLANG_CXX_LIBRARY = "libc++";
				CLANG_ENABLE_MODULES = YES;
				CLANG_ENABLE_OBJC_ARC = YES;
				CLANG_WARN_BLOCK_CAPTURE_AUTORELEASING = YES;
				CLANG_WARN_BOOL_CONVERSION = YES;
				CLANG_WARN_COMMA = YES;
				CLANG_WARN_CONSTANT_CONVERSION = YES;
				CLANG_WARN_DIRECT_OBJC_ISA_USAGE = YES_ERROR;
				CLANG_WARN_DOCUMENTATION_COMMENTS = YES;
				CLANG_WARN_EMPTY_BODY = YES;
				CLANG_WARN_ENUM_CONVERSION = YES;
				CLANG_WARN_INFINITE_RECURSION = YES;
				CLANG_WARN_INT_CONVERSION = YES;
				CLANG_WARN_NON_LITERAL_NULL_CONVERSION = YES;
				CLANG_WARN_OBJC_LITERAL_CONVERSION = YES;
				CLANG_WARN_OBJC_ROOT_CLASS = YES_ERROR;
				CLANG_WARN_RANGE_LOOP_ANALYSIS = YES;
				CLANG_WARN_STRICT_PROTOTYPES = YES;
				CLANG_WARN_SUSPICIOUS_MOVE = YES;
				CLANG_WARN_UNGUARDED_AVAILABILITY = YES_AGGRESSIVE;
				CLANG_WARN_UNREACHABLE_CODE = YES;
				CLANG_WARN__DUPLICATE_METHOD_MATCH = YES;
				CODE_SIGN_IDENTITY = "iPhone Developer";
				COPY_PHASE_STRIP = NO;
				DEBUG_INFORMATION_FORMAT = dwarf;
				ENABLE_STRICT_OBJC_MSGSEND = YES;
				ENABLE_TESTABILITY = YES;
				GCC_C_LANGUAGE_STANDARD = gnu11;
				GCC_DYNAMIC_NO_PIC = NO;
				GCC_NO_COMMON_BLOCKS = YES;
				GCC_OPTIMIZATION_LEVEL = 0;
				GCC_PREPROCESSOR_DEFINITIONS = (
					"DEBUG=1",
					"$(inherited)",
				);
				GCC_WARN_64_TO_32_BIT_CONVERSION = YES;
				GCC_WARN_ABOUT_RETURN_TYPE = YES_ERROR;
				GCC_WARN_UNDECLARED_SELECTOR = YES;
				GCC_WARN_UNINITIALIZED_AUTOS = YES_AGGRESSIVE;
				GCC_WARN_UNUSED_FUNCTION = YES;
				GCC_WARN_UNUSED_VARIABLE = YES;
				IPHONEOS_DEPLOYMENT_TARGET = 11.0;
				MTL_ENABLE_DEBUG_INFO = YES;
				ONLY_ACTIVE_ARCH = YES;
				SDKROOT = iphoneos;
			};
			name = Debug;
		};
		A83403AF1FFCB16500A49C20 /* Release */ = {
			isa = XCBuildConfiguration;
			buildSettings = {
				ALWAYS_SEARCH_USER_PATHS = NO;
				CLANG_ANALYZER_NONNULL = YES;
				CLANG_ANALYZER_NUMBER_OBJECT_CONVERSION = YES_AGGRESSIVE;
				CLANG_CXX_LANGUAGE_STANDARD = "gnu++14";
				CLANG_CXX_LIBRARY = "libc++";
				CLANG_ENABLE_MODULES = YES;
				CLANG_ENABLE_OBJC_ARC = YES;
				CLANG_WARN_BLOCK_CAPTURE_AUTORELEASING = YES;
				CLANG_WARN_BOOL_CONVERSION = YES;
				CLANG_WARN_COMMA = YES;
				CLANG_WARN_CONSTANT_CONVERSION = YES;
				CLANG_WARN_DIRECT_OBJC_ISA_USAGE = YES_ERROR;
				CLANG_WARN_DOCUMENTATION_COMMENTS = YES;
				CLANG_WARN_EMPTY_BODY = YES;
				CLANG_WARN_ENUM_CONVERSION = YES;
				CLANG_WARN_INFINITE_RECURSION = YES;
				CLANG_WARN_INT_CONVERSION = YES;
				CLANG_WARN_NON_LITERAL_NULL_CONVERSION = YES;
				CLANG_WARN_OBJC_LITERAL_CONVERSION = YES;
				CLANG_WARN_OBJC_ROOT_CLASS = YES_ERROR;
				CLANG_WARN_RANGE_LOOP_ANALYSIS = YES;
				CLANG_WARN_STRICT_PROTOTYPES = YES;
				CLANG_WARN_SUSPICIOUS_MOVE = YES;
				CLANG_WARN_UNGUARDED_AVAILABILITY = YES_AGGRESSIVE;
				CLANG_WARN_UNREACHABLE_CODE = YES;
				CLANG_WARN__DUPLICATE_METHOD_MATCH = YES;
				CODE_SIGN_IDENTITY = "iPhone Developer";
				COPY_PHASE_STRIP = NO;
				DEBUG_INFORMATION_FORMAT = "dwarf-with-dsym";
				ENABLE_NS_ASSERTIONS = NO;
				ENABLE_STRICT_OBJC_MSGSEND = YES;
				GCC_C_LANGUAGE_STANDARD = gnu11;
				GCC_NO_COMMON_BLOCKS = YES;
				GCC_WARN_64_TO_32_BIT_CONVERSION = YES;
				GCC_WARN_ABOUT_RETURN_TYPE = YES_ERROR;
				GCC_WARN_UNDECLARED_SELECTOR = YES;
				GCC_WARN_UNINITIALIZED_AUTOS = YES_AGGRESSIVE;
				GCC_WARN_UNUSED_FUNCTION = YES;
				GCC_WARN_UNUSED_VARIABLE = YES;
				IPHONEOS_DEPLOYMENT_TARGET = 11.0;
				MTL_ENABLE_DEBUG_INFO = NO;
				SDKROOT = iphoneos;
				VALIDATE_PRODUCT = YES;
			};
			name = Release;
		};
		A83403B11FFCB16500A49C20 /* Debug */ = {
			isa = XCBuildConfiguration;
			buildSettings = {
				ASSETCATALOG_COMPILER_APPICON_NAME = AppIcon;
				CODE_SIGN_STYLE = Automatic;
				INFOPLIST_FILE = FENestedScrollView/Info.plist;
				LD_RUNPATH_SEARCH_PATHS = "$(inherited) @executable_path/Frameworks";
				PRODUCT_BUNDLE_IDENTIFIER = com.flyelephant.www.FENestedScrollView;
				PRODUCT_NAME = "$(TARGET_NAME)";
				TARGETED_DEVICE_FAMILY = "1,2";
			};
			name = Debug;
		};
		A83403B21FFCB16500A49C20 /* Release */ = {
			isa = XCBuildConfiguration;
			buildSettings = {
				ASSETCATALOG_COMPILER_APPICON_NAME = AppIcon;
				CODE_SIGN_STYLE = Automatic;
				INFOPLIST_FILE = FENestedScrollView/Info.plist;
				LD_RUNPATH_SEARCH_PATHS = "$(inherited) @executable_path/Frameworks";
				PRODUCT_BUNDLE_IDENTIFIER = com.flyelephant.www.FENestedScrollView;
				PRODUCT_NAME = "$(TARGET_NAME)";
				TARGETED_DEVICE_FAMILY = "1,2";
			};
			name = Release;
		};
		A83403B41FFCB16500A49C20 /* Debug */ = {
			isa = XCBuildConfiguration;
			buildSettings = {
				BUNDLE_LOADER = "$(TEST_HOST)";
				CODE_SIGN_STYLE = Automatic;
				INFOPLIST_FILE = FENestedScrollViewTests/Info.plist;
				LD_RUNPATH_SEARCH_PATHS = "$(inherited) @executable_path/Frameworks @loader_path/Frameworks";
				PRODUCT_BUNDLE_IDENTIFIER = com.flyelephant.www.FENestedScrollViewTests;
				PRODUCT_NAME = "$(TARGET_NAME)";
				TARGETED_DEVICE_FAMILY = "1,2";
				TEST_HOST = "$(BUILT_PRODUCTS_DIR)/FENestedScrollView.app/FENestedScrollView";
			};
			name = Debug;
		};
		A83403B51FFCB16500A49C20 /* Release */ = {
			isa = XCBuildConfiguration;
			buildSettings = {
				BUNDLE_LOADER = "$(TEST_HOST)";
				CODE_SIGN_STYLE = Automatic;
				INFOPLIST_FILE = FENestedScrollViewTests/Info.plist;
				LD_RUNPATH_SEARCH_PATHS = "$(inherited) @executable_path/Frameworks @loader_path/Frameworks";
				PRODUCT_BUNDLE_IDENTIFIER = com.flyelephant.www.FENestedScrollViewTests;
				PRODUCT_NAME = "$(TARGET_NAME)";
				TARGETED_DEVICE_FAMILY = "1,2";
				TEST_HOST = "$(BUILT_PRODUCTS_DIR)/FENestedScrollView.app/FENestedScrollView";
			};
			name = Release;
		};
		A83403B71FFCB16500A49C20 /* Debug */ = {
			isa = XCBuildConfiguration;
			buildSettings = {
				CODE_SIGN_STYLE = Automatic;
				INFOPLIST_FILE = FENestedScrollViewUITests/Info.plist;
				LD_RUNPATH_SEARCH_PATHS = "$(inherited) @executable_path/Frameworks @loader_path/Frameworks";
				PRODUCT_BUNDLE_IDENTIFIER = com.flyelephant.www.FENestedScrollViewUITests;
				PRODUCT_NAME = "$(TARGET_NAME)";
				TARGETED_DEVICE_FAMILY = "1,2";
				TEST_TARGET_NAME = FENestedScrollView;
			};
			name = Debug;
		};
		A83403B81FFCB16500A49C20 /* Release */ = {
			isa = XCBuildConfiguration;
			buildSettings = {
				CODE_SIGN_STYLE = Automatic;
				INFOPLIST_FILE = FENestedScrollViewUITests/Info.plist;
				LD_RUNPATH_SEARCH_PATHS = "$(inherited) @executable_path/Frameworks @loader_path/Frameworks";
				PRODUCT_BUNDLE_IDENTIFIER = com.flyelephant.www.FENestedScrollViewUITests;
				PRODUCT_NAME = "$(TARGET_NAME)";
				TARGETED_DEVICE_FAMILY = "1,2";
				TEST_TARGET_NAME = FENestedScrollView;
			};
			name = Release;
		};
/* End XCBuildConfiguration section */

/* Begin XCConfigurationList section */
		A834037F1FFCB16500A49C20 /* Build configuration list for PBXProject "FENestedScrollView" */ = {
			isa = XCConfigurationList;
			buildConfigurations = (
				A83403AE1FFCB16500A49C20 /* Debug */,
				A83403AF1FFCB16500A49C20 /* Release */,
			);
			defaultConfigurationIsVisible = 0;
			defaultConfigurationName = Release;
		};
		A83403B01FFCB16500A49C20 /* Build configuration list for PBXNativeTarget "FENestedScrollView" */ = {
			isa = XCConfigurationList;
			buildConfigurations = (
				A83403B11FFCB16500A49C20 /* Debug */,
				A83403B21FFCB16500A49C20 /* Release */,
			);
			defaultConfigurationIsVisible = 0;
			defaultConfigurationName = Release;
		};
		A83403B31FFCB16500A49C20 /* Build configuration list for PBXNativeTarget "FENestedScrollViewTests" */ = {
			isa = XCConfigurationList;
			buildConfigurations = (
				A83403B41FFCB16500A49C20 /* Debug */,
				A83403B51FFCB16500A49C20 /* Release */,
			);
			defaultConfigurationIsVisible = 0;
			defaultConfigurationName = Release;
		};
		A83403B61FFCB16500A49C20 /* Build configuration list for PBXNativeTarget "FENestedScrollViewUITests" */ = {
			isa = XCConfigurationList;
			buildConfigurations = (
				A83403B71FFCB16500A49C20 /* Debug */,
				A83403B81FFCB16500A49C20 /* Release */,
			);
			defaultConfigurationIsVisible = 0;
			defaultConfigurationName = Release;
		};
/* End XCConfigurationList section */
	};
	rootObject = A834037C1FFCB16500A49C20 /* Project object */;
}
